// !$*UTF8*$!
{
	archiveVersion = 1;
	classes = {
	};
	objectVersion = 46;
	objects = {

/* Begin PBXBuildFile section */
		8B2227881DFB90E100C09475 /* AppDelegate.swift in Sources */ = {isa = PBXBuildFile; fileRef = 8B2227871DFB90E100C09475 /* AppDelegate.swift */; };
		8B22278A1DFB90E100C09475 /* ViewController.swift in Sources */ = {isa = PBXBuildFile; fileRef = 8B2227891DFB90E100C09475 /* ViewController.swift */; };
		8B22278D1DFB90E100C09475 /* Main.storyboard in Resources */ = {isa = PBXBuildFile; fileRef = 8B22278B1DFB90E100C09475 /* Main.storyboard */; };
		8B22278F1DFB90E100C09475 /* Assets.xcassets in Resources */ = {isa = PBXBuildFile; fileRef = 8B22278E1DFB90E100C09475 /* Assets.xcassets */; };
		8B2227921DFB90E100C09475 /* LaunchScreen.storyboard in Resources */ = {isa = PBXBuildFile; fileRef = 8B2227901DFB90E100C09475 /* LaunchScreen.storyboard */; };
		8B22279D1DFB90E200C09475 /* WatchShakerTests.swift in Sources */ = {isa = PBXBuildFile; fileRef = 8B22279C1DFB90E200C09475 /* WatchShakerTests.swift */; };
		8B2227A21DFB90E200C09475 /* WatchShaker WatchKit App.app in Embed Watch Content */ = {isa = PBXBuildFile; fileRef = 8B2227A11DFB90E200C09475 /* WatchShaker WatchKit App.app */; };
		8B2227A81DFB90E200C09475 /* Interface.storyboard in Resources */ = {isa = PBXBuildFile; fileRef = 8B2227A61DFB90E200C09475 /* Interface.storyboard */; };
		8B2227AA1DFB90E200C09475 /* Assets.xcassets in Resources */ = {isa = PBXBuildFile; fileRef = 8B2227A91DFB90E200C09475 /* Assets.xcassets */; };
		8B2227B11DFB90E200C09475 /* WatchShaker WatchKit Extension.appex in Embed App Extensions */ = {isa = PBXBuildFile; fileRef = 8B2227B01DFB90E200C09475 /* WatchShaker WatchKit Extension.appex */; settings = {ATTRIBUTES = (RemoveHeadersOnCopy, ); }; };
		8B2227B81DFB90E200C09475 /* InterfaceController.swift in Sources */ = {isa = PBXBuildFile; fileRef = 8B2227B71DFB90E200C09475 /* InterfaceController.swift */; };
		8B2227BA1DFB90E200C09475 /* ExtensionDelegate.swift in Sources */ = {isa = PBXBuildFile; fileRef = 8B2227B91DFB90E200C09475 /* ExtensionDelegate.swift */; };
		8B2227BC1DFB90E200C09475 /* NotificationController.swift in Sources */ = {isa = PBXBuildFile; fileRef = 8B2227BB1DFB90E200C09475 /* NotificationController.swift */; };
		8B2227BE1DFB90E200C09475 /* Assets.xcassets in Resources */ = {isa = PBXBuildFile; fileRef = 8B2227BD1DFB90E200C09475 /* Assets.xcassets */; };
		8B2227D11DFB910500C09475 /* WatchShaker.swift in Sources */ = {isa = PBXBuildFile; fileRef = 8B2227D01DFB910500C09475 /* WatchShaker.swift */; };
/* End PBXBuildFile section */

/* Begin PBXContainerItemProxy section */
		8B2227991DFB90E200C09475 /* PBXContainerItemProxy */ = {
			isa = PBXContainerItemProxy;
			containerPortal = 8B22277C1DFB90E100C09475 /* Project object */;
			proxyType = 1;
			remoteGlobalIDString = 8B2227831DFB90E100C09475;
			remoteInfo = WatchShaker;
		};
		8B2227A31DFB90E200C09475 /* PBXContainerItemProxy */ = {
			isa = PBXContainerItemProxy;
			containerPortal = 8B22277C1DFB90E100C09475 /* Project object */;
			proxyType = 1;
			remoteGlobalIDString = 8B2227A01DFB90E200C09475;
			remoteInfo = "WatchShaker WatchKit App";
		};
		8B2227B21DFB90E200C09475 /* PBXContainerItemProxy */ = {
			isa = PBXContainerItemProxy;
			containerPortal = 8B22277C1DFB90E100C09475 /* Project object */;
			proxyType = 1;
			remoteGlobalIDString = 8B2227AF1DFB90E200C09475;
			remoteInfo = "WatchShaker WatchKit Extension";
		};
/* End PBXContainerItemProxy section */

/* Begin PBXCopyFilesBuildPhase section */
		8B2227C51DFB90E200C09475 /* Embed App Extensions */ = {
			isa = PBXCopyFilesBuildPhase;
			buildActionMask = 2147483647;
			dstPath = "";
			dstSubfolderSpec = 13;
			files = (
				8B2227B11DFB90E200C09475 /* WatchShaker WatchKit Extension.appex in Embed App Extensions */,
			);
			name = "Embed App Extensions";
			runOnlyForDeploymentPostprocessing = 0;
		};
		8B2227C91DFB90E200C09475 /* Embed Watch Content */ = {
			isa = PBXCopyFilesBuildPhase;
			buildActionMask = 2147483647;
			dstPath = "$(CONTENTS_FOLDER_PATH)/Watch";
			dstSubfolderSpec = 16;
			files = (
				8B2227A21DFB90E200C09475 /* WatchShaker WatchKit App.app in Embed Watch Content */,
			);
			name = "Embed Watch Content";
			runOnlyForDeploymentPostprocessing = 0;
		};
/* End PBXCopyFilesBuildPhase section */

/* Begin PBXFileReference section */
		8B2227841DFB90E100C09475 /* WatchShaker.app */ = {isa = PBXFileReference; explicitFileType = wrapper.application; includeInIndex = 0; path = WatchShaker.app; sourceTree = BUILT_PRODUCTS_DIR; };
		8B2227871DFB90E100C09475 /* AppDelegate.swift */ = {isa = PBXFileReference; lastKnownFileType = sourcecode.swift; path = AppDelegate.swift; sourceTree = "<group>"; };
		8B2227891DFB90E100C09475 /* ViewController.swift */ = {isa = PBXFileReference; lastKnownFileType = sourcecode.swift; path = ViewController.swift; sourceTree = "<group>"; };
		8B22278C1DFB90E100C09475 /* Base */ = {isa = PBXFileReference; lastKnownFileType = file.storyboard; name = Base; path = Base.lproj/Main.storyboard; sourceTree = "<group>"; };
		8B22278E1DFB90E100C09475 /* Assets.xcassets */ = {isa = PBXFileReference; lastKnownFileType = folder.assetcatalog; path = Assets.xcassets; sourceTree = "<group>"; };
		8B2227911DFB90E100C09475 /* Base */ = {isa = PBXFileReference; lastKnownFileType = file.storyboard; name = Base; path = Base.lproj/LaunchScreen.storyboard; sourceTree = "<group>"; };
		8B2227931DFB90E100C09475 /* Info.plist */ = {isa = PBXFileReference; lastKnownFileType = text.plist.xml; path = Info.plist; sourceTree = "<group>"; };
		8B2227981DFB90E200C09475 /* WatchShakerTests.xctest */ = {isa = PBXFileReference; explicitFileType = wrapper.cfbundle; includeInIndex = 0; path = WatchShakerTests.xctest; sourceTree = BUILT_PRODUCTS_DIR; };
		8B22279C1DFB90E200C09475 /* WatchShakerTests.swift */ = {isa = PBXFileReference; lastKnownFileType = sourcecode.swift; path = WatchShakerTests.swift; sourceTree = "<group>"; };
		8B22279E1DFB90E200C09475 /* Info.plist */ = {isa = PBXFileReference; lastKnownFileType = text.plist.xml; path = Info.plist; sourceTree = "<group>"; };
		8B2227A11DFB90E200C09475 /* WatchShaker WatchKit App.app */ = {isa = PBXFileReference; explicitFileType = wrapper.application; includeInIndex = 0; path = "WatchShaker WatchKit App.app"; sourceTree = BUILT_PRODUCTS_DIR; };
		8B2227A71DFB90E200C09475 /* Base */ = {isa = PBXFileReference; lastKnownFileType = file.storyboard; name = Base; path = Base.lproj/Interface.storyboard; sourceTree = "<group>"; };
		8B2227A91DFB90E200C09475 /* Assets.xcassets */ = {isa = PBXFileReference; lastKnownFileType = folder.assetcatalog; path = Assets.xcassets; sourceTree = "<group>"; };
		8B2227AB1DFB90E200C09475 /* Info.plist */ = {isa = PBXFileReference; lastKnownFileType = text.plist.xml; path = Info.plist; sourceTree = "<group>"; };
		8B2227B01DFB90E200C09475 /* WatchShaker WatchKit Extension.appex */ = {isa = PBXFileReference; explicitFileType = "wrapper.app-extension"; includeInIndex = 0; path = "WatchShaker WatchKit Extension.appex"; sourceTree = BUILT_PRODUCTS_DIR; };
		8B2227B61DFB90E200C09475 /* PushNotificationPayload.apns */ = {isa = PBXFileReference; lastKnownFileType = text; path = PushNotificationPayload.apns; sourceTree = "<group>"; };
		8B2227B71DFB90E200C09475 /* InterfaceController.swift */ = {isa = PBXFileReference; lastKnownFileType = sourcecode.swift; path = InterfaceController.swift; sourceTree = "<group>"; };
		8B2227B91DFB90E200C09475 /* ExtensionDelegate.swift */ = {isa = PBXFileReference; lastKnownFileType = sourcecode.swift; path = ExtensionDelegate.swift; sourceTree = "<group>"; };
		8B2227BB1DFB90E200C09475 /* NotificationController.swift */ = {isa = PBXFileReference; lastKnownFileType = sourcecode.swift; path = NotificationController.swift; sourceTree = "<group>"; };
		8B2227BD1DFB90E200C09475 /* Assets.xcassets */ = {isa = PBXFileReference; lastKnownFileType = folder.assetcatalog; path = Assets.xcassets; sourceTree = "<group>"; };
		8B2227BF1DFB90E200C09475 /* Info.plist */ = {isa = PBXFileReference; lastKnownFileType = text.plist.xml; path = Info.plist; sourceTree = "<group>"; };
		8B2227D01DFB910500C09475 /* WatchShaker.swift */ = {isa = PBXFileReference; fileEncoding = 4; lastKnownFileType = sourcecode.swift; path = WatchShaker.swift; sourceTree = "<group>"; };
/* End PBXFileReference section */

/* Begin PBXFrameworksBuildPhase section */
		8B2227811DFB90E100C09475 /* Frameworks */ = {
			isa = PBXFrameworksBuildPhase;
			buildActionMask = 2147483647;
			files = (
			);
			runOnlyForDeploymentPostprocessing = 0;
		};
		8B2227951DFB90E200C09475 /* Frameworks */ = {
			isa = PBXFrameworksBuildPhase;
			buildActionMask = 2147483647;
			files = (
			);
			runOnlyForDeploymentPostprocessing = 0;
		};
		8B2227AD1DFB90E200C09475 /* Frameworks */ = {
			isa = PBXFrameworksBuildPhase;
			buildActionMask = 2147483647;
			files = (
			);
			runOnlyForDeploymentPostprocessing = 0;
		};
/* End PBXFrameworksBuildPhase section */

/* Begin PBXGroup section */
		8B22277B1DFB90E100C09475 = {
			isa = PBXGroup;
			children = (
				8B2227861DFB90E100C09475 /* WatchShaker */,
				8B22279B1DFB90E200C09475 /* WatchShakerTests */,
				8B2227A51DFB90E200C09475 /* WatchShaker WatchKit App */,
				8B2227B41DFB90E200C09475 /* WatchShaker WatchKit Extension */,
				8B2227851DFB90E100C09475 /* Products */,
			);
			sourceTree = "<group>";
		};
		8B2227851DFB90E100C09475 /* Products */ = {
			isa = PBXGroup;
			children = (
				8B2227841DFB90E100C09475 /* WatchShaker.app */,
				8B2227981DFB90E200C09475 /* WatchShakerTests.xctest */,
				8B2227A11DFB90E200C09475 /* WatchShaker WatchKit App.app */,
				8B2227B01DFB90E200C09475 /* WatchShaker WatchKit Extension.appex */,
			);
			name = Products;
			sourceTree = "<group>";
		};
		8B2227861DFB90E100C09475 /* WatchShaker */ = {
			isa = PBXGroup;
			children = (
				8B2227871DFB90E100C09475 /* AppDelegate.swift */,
				8B2227891DFB90E100C09475 /* ViewController.swift */,
				8B22278B1DFB90E100C09475 /* Main.storyboard */,
				8B22278E1DFB90E100C09475 /* Assets.xcassets */,
				8B2227901DFB90E100C09475 /* LaunchScreen.storyboard */,
				8B2227931DFB90E100C09475 /* Info.plist */,
			);
			path = WatchShaker;
			sourceTree = "<group>";
		};
		8B22279B1DFB90E200C09475 /* WatchShakerTests */ = {
			isa = PBXGroup;
			children = (
				8B22279C1DFB90E200C09475 /* WatchShakerTests.swift */,
				8B22279E1DFB90E200C09475 /* Info.plist */,
			);
			path = WatchShakerTests;
			sourceTree = "<group>";
		};
		8B2227A51DFB90E200C09475 /* WatchShaker WatchKit App */ = {
			isa = PBXGroup;
			children = (
				8B2227A61DFB90E200C09475 /* Interface.storyboard */,
				8B2227A91DFB90E200C09475 /* Assets.xcassets */,
				8B2227AB1DFB90E200C09475 /* Info.plist */,
			);
			path = "WatchShaker WatchKit App";
			sourceTree = "<group>";
		};
		8B2227B41DFB90E200C09475 /* WatchShaker WatchKit Extension */ = {
			isa = PBXGroup;
			children = (
				8B2227D01DFB910500C09475 /* WatchShaker.swift */,
				8B2227B71DFB90E200C09475 /* InterfaceController.swift */,
				8B2227B91DFB90E200C09475 /* ExtensionDelegate.swift */,
				8B2227BB1DFB90E200C09475 /* NotificationController.swift */,
				8B2227BD1DFB90E200C09475 /* Assets.xcassets */,
				8B2227BF1DFB90E200C09475 /* Info.plist */,
				8B2227B51DFB90E200C09475 /* Supporting Files */,
			);
			path = "WatchShaker WatchKit Extension";
			sourceTree = "<group>";
		};
		8B2227B51DFB90E200C09475 /* Supporting Files */ = {
			isa = PBXGroup;
			children = (
				8B2227B61DFB90E200C09475 /* PushNotificationPayload.apns */,
			);
			name = "Supporting Files";
			sourceTree = "<group>";
		};
/* End PBXGroup section */

/* Begin PBXNativeTarget section */
		8B2227831DFB90E100C09475 /* WatchShaker */ = {
			isa = PBXNativeTarget;
			buildConfigurationList = 8B2227CA1DFB90E200C09475 /* Build configuration list for PBXNativeTarget "WatchShaker" */;
			buildPhases = (
				8B2227801DFB90E100C09475 /* Sources */,
				8B2227811DFB90E100C09475 /* Frameworks */,
				8B2227821DFB90E100C09475 /* Resources */,
				8B2227C91DFB90E200C09475 /* Embed Watch Content */,
			);
			buildRules = (
			);
			dependencies = (
				8B2227A41DFB90E200C09475 /* PBXTargetDependency */,
			);
			name = WatchShaker;
			productName = WatchShaker;
			productReference = 8B2227841DFB90E100C09475 /* WatchShaker.app */;
			productType = "com.apple.product-type.application";
		};
		8B2227971DFB90E200C09475 /* WatchShakerTests */ = {
			isa = PBXNativeTarget;
			buildConfigurationList = 8B2227CD1DFB90E200C09475 /* Build configuration list for PBXNativeTarget "WatchShakerTests" */;
			buildPhases = (
				8B2227941DFB90E200C09475 /* Sources */,
				8B2227951DFB90E200C09475 /* Frameworks */,
				8B2227961DFB90E200C09475 /* Resources */,
			);
			buildRules = (
			);
			dependencies = (
				8B22279A1DFB90E200C09475 /* PBXTargetDependency */,
			);
			name = WatchShakerTests;
			productName = WatchShakerTests;
			productReference = 8B2227981DFB90E200C09475 /* WatchShakerTests.xctest */;
			productType = "com.apple.product-type.bundle.unit-test";
		};
		8B2227A01DFB90E200C09475 /* WatchShaker WatchKit App */ = {
			isa = PBXNativeTarget;
			buildConfigurationList = 8B2227C61DFB90E200C09475 /* Build configuration list for PBXNativeTarget "WatchShaker WatchKit App" */;
			buildPhases = (
				8B22279F1DFB90E200C09475 /* Resources */,
				8B2227C51DFB90E200C09475 /* Embed App Extensions */,
			);
			buildRules = (
			);
			dependencies = (
				8B2227B31DFB90E200C09475 /* PBXTargetDependency */,
			);
			name = "WatchShaker WatchKit App";
			productName = "WatchShaker WatchKit App";
			productReference = 8B2227A11DFB90E200C09475 /* WatchShaker WatchKit App.app */;
			productType = "com.apple.product-type.application.watchapp2";
		};
		8B2227AF1DFB90E200C09475 /* WatchShaker WatchKit Extension */ = {
			isa = PBXNativeTarget;
			buildConfigurationList = 8B2227C21DFB90E200C09475 /* Build configuration list for PBXNativeTarget "WatchShaker WatchKit Extension" */;
			buildPhases = (
				8B2227AC1DFB90E200C09475 /* Sources */,
				8B2227AD1DFB90E200C09475 /* Frameworks */,
				8B2227AE1DFB90E200C09475 /* Resources */,
			);
			buildRules = (
			);
			dependencies = (
			);
			name = "WatchShaker WatchKit Extension";
			productName = "WatchShaker WatchKit Extension";
			productReference = 8B2227B01DFB90E200C09475 /* WatchShaker WatchKit Extension.appex */;
			productType = "com.apple.product-type.watchkit2-extension";
		};
/* End PBXNativeTarget section */

/* Begin PBXProject section */
		8B22277C1DFB90E100C09475 /* Project object */ = {
			isa = PBXProject;
			attributes = {
				LastSwiftUpdateCheck = 0810;
				LastUpgradeCheck = 0810;
				ORGANIZATIONNAME = "Ezequiel França @ezefranca";
				TargetAttributes = {
					8B2227831DFB90E100C09475 = {
						CreatedOnToolsVersion = 8.1;
						DevelopmentTeam = 54JDK55DR5;
						ProvisioningStyle = Automatic;
					};
					8B2227971DFB90E200C09475 = {
						CreatedOnToolsVersion = 8.1;
						DevelopmentTeam = 54JDK55DR5;
						ProvisioningStyle = Automatic;
						TestTargetID = 8B2227831DFB90E100C09475;
					};
					8B2227A01DFB90E200C09475 = {
						CreatedOnToolsVersion = 8.1;
						DevelopmentTeam = 54JDK55DR5;
						ProvisioningStyle = Automatic;
					};
					8B2227AF1DFB90E200C09475 = {
						CreatedOnToolsVersion = 8.1;
						DevelopmentTeam = 54JDK55DR5;
						ProvisioningStyle = Automatic;
					};
				};
			};
			buildConfigurationList = 8B22277F1DFB90E100C09475 /* Build configuration list for PBXProject "WatchShaker" */;
			compatibilityVersion = "Xcode 3.2";
			developmentRegion = English;
			hasScannedForEncodings = 0;
			knownRegions = (
				en,
				Base,
			);
			mainGroup = 8B22277B1DFB90E100C09475;
			productRefGroup = 8B2227851DFB90E100C09475 /* Products */;
			projectDirPath = "";
			projectRoot = "";
			targets = (
				8B2227831DFB90E100C09475 /* WatchShaker */,
				8B2227971DFB90E200C09475 /* WatchShakerTests */,
				8B2227A01DFB90E200C09475 /* WatchShaker WatchKit App */,
				8B2227AF1DFB90E200C09475 /* WatchShaker WatchKit Extension */,
			);
		};
/* End PBXProject section */

/* Begin PBXResourcesBuildPhase section */
		8B2227821DFB90E100C09475 /* Resources */ = {
			isa = PBXResourcesBuildPhase;
			buildActionMask = 2147483647;
			files = (
				8B2227921DFB90E100C09475 /* LaunchScreen.storyboard in Resources */,
				8B22278F1DFB90E100C09475 /* Assets.xcassets in Resources */,
				8B22278D1DFB90E100C09475 /* Main.storyboard in Resources */,
			);
			runOnlyForDeploymentPostprocessing = 0;
		};
		8B2227961DFB90E200C09475 /* Resources */ = {
			isa = PBXResourcesBuildPhase;
			buildActionMask = 2147483647;
			files = (
			);
			runOnlyForDeploymentPostprocessing = 0;
		};
		8B22279F1DFB90E200C09475 /* Resources */ = {
			isa = PBXResourcesBuildPhase;
			buildActionMask = 2147483647;
			files = (
				8B2227AA1DFB90E200C09475 /* Assets.xcassets in Resources */,
				8B2227A81DFB90E200C09475 /* Interface.storyboard in Resources */,
			);
			runOnlyForDeploymentPostprocessing = 0;
		};
		8B2227AE1DFB90E200C09475 /* Resources */ = {
			isa = PBXResourcesBuildPhase;
			buildActionMask = 2147483647;
			files = (
				8B2227BE1DFB90E200C09475 /* Assets.xcassets in Resources */,
			);
			runOnlyForDeploymentPostprocessing = 0;
		};
/* End PBXResourcesBuildPhase section */

/* Begin PBXSourcesBuildPhase section */
		8B2227801DFB90E100C09475 /* Sources */ = {
			isa = PBXSourcesBuildPhase;
			buildActionMask = 2147483647;
			files = (
				8B22278A1DFB90E100C09475 /* ViewController.swift in Sources */,
				8B2227881DFB90E100C09475 /* AppDelegate.swift in Sources */,
			);
			runOnlyForDeploymentPostprocessing = 0;
		};
		8B2227941DFB90E200C09475 /* Sources */ = {
			isa = PBXSourcesBuildPhase;
			buildActionMask = 2147483647;
			files = (
				8B22279D1DFB90E200C09475 /* WatchShakerTests.swift in Sources */,
			);
			runOnlyForDeploymentPostprocessing = 0;
		};
		8B2227AC1DFB90E200C09475 /* Sources */ = {
			isa = PBXSourcesBuildPhase;
			buildActionMask = 2147483647;
			files = (
				8B2227BC1DFB90E200C09475 /* NotificationController.swift in Sources */,
				8B2227D11DFB910500C09475 /* WatchShaker.swift in Sources */,
				8B2227BA1DFB90E200C09475 /* ExtensionDelegate.swift in Sources */,
				8B2227B81DFB90E200C09475 /* InterfaceController.swift in Sources */,
			);
			runOnlyForDeploymentPostprocessing = 0;
		};
/* End PBXSourcesBuildPhase section */

/* Begin PBXTargetDependency section */
		8B22279A1DFB90E200C09475 /* PBXTargetDependency */ = {
			isa = PBXTargetDependency;
			target = 8B2227831DFB90E100C09475 /* WatchShaker */;
			targetProxy = 8B2227991DFB90E200C09475 /* PBXContainerItemProxy */;
		};
		8B2227A41DFB90E200C09475 /* PBXTargetDependency */ = {
			isa = PBXTargetDependency;
			target = 8B2227A01DFB90E200C09475 /* WatchShaker WatchKit App */;
			targetProxy = 8B2227A31DFB90E200C09475 /* PBXContainerItemProxy */;
		};
		8B2227B31DFB90E200C09475 /* PBXTargetDependency */ = {
			isa = PBXTargetDependency;
			target = 8B2227AF1DFB90E200C09475 /* WatchShaker WatchKit Extension */;
			targetProxy = 8B2227B21DFB90E200C09475 /* PBXContainerItemProxy */;
		};
/* End PBXTargetDependency section */

/* Begin PBXVariantGroup section */
		8B22278B1DFB90E100C09475 /* Main.storyboard */ = {
			isa = PBXVariantGroup;
			children = (
				8B22278C1DFB90E100C09475 /* Base */,
			);
			name = Main.storyboard;
			sourceTree = "<group>";
		};
		8B2227901DFB90E100C09475 /* LaunchScreen.storyboard */ = {
			isa = PBXVariantGroup;
			children = (
				8B2227911DFB90E100C09475 /* Base */,
			);
			name = LaunchScreen.storyboard;
			sourceTree = "<group>";
		};
		8B2227A61DFB90E200C09475 /* Interface.storyboard */ = {
			isa = PBXVariantGroup;
			children = (
				8B2227A71DFB90E200C09475 /* Base */,
			);
			name = Interface.storyboard;
			sourceTree = "<group>";
		};
/* End PBXVariantGroup section */

/* Begin XCBuildConfiguration section */
		8B2227C01DFB90E200C09475 /* Debug */ = {
			isa = XCBuildConfiguration;
			buildSettings = {
				ALWAYS_SEARCH_USER_PATHS = NO;
				CLANG_ANALYZER_NONNULL = YES;
				CLANG_CXX_LANGUAGE_STANDARD = "gnu++0x";
				CLANG_CXX_LIBRARY = "libc++";
				CLANG_ENABLE_MODULES = YES;
				CLANG_ENABLE_OBJC_ARC = YES;
				CLANG_WARN_BOOL_CONVERSION = YES;
				CLANG_WARN_CONSTANT_CONVERSION = YES;
				CLANG_WARN_DIRECT_OBJC_ISA_USAGE = YES_ERROR;
				CLANG_WARN_DOCUMENTATION_COMMENTS = YES;
				CLANG_WARN_EMPTY_BODY = YES;
				CLANG_WARN_ENUM_CONVERSION = YES;
				CLANG_WARN_INFINITE_RECURSION = YES;
				CLANG_WARN_INT_CONVERSION = YES;
				CLANG_WARN_OBJC_ROOT_CLASS = YES_ERROR;
				CLANG_WARN_SUSPICIOUS_MOVES = YES;
				CLANG_WARN_UNREACHABLE_CODE = YES;
				CLANG_WARN__DUPLICATE_METHOD_MATCH = YES;
				"CODE_SIGN_IDENTITY[sdk=iphoneos*]" = "iPhone Developer";
				COPY_PHASE_STRIP = NO;
				DEBUG_INFORMATION_FORMAT = dwarf;
				ENABLE_STRICT_OBJC_MSGSEND = YES;
				ENABLE_TESTABILITY = YES;
				GCC_C_LANGUAGE_STANDARD = gnu99;
				GCC_DYNAMIC_NO_PIC = NO;
				GCC_NO_COMMON_BLOCKS = YES;
				GCC_OPTIMIZATION_LEVEL = 0;
				GCC_PREPROCESSOR_DEFINITIONS = (
					"DEBUG=1",
					"$(inherited)",
				);
				GCC_WARN_64_TO_32_BIT_CONVERSION = YES;
				GCC_WARN_ABOUT_RETURN_TYPE = YES_ERROR;
				GCC_WARN_UNDECLARED_SELECTOR = YES;
				GCC_WARN_UNINITIALIZED_AUTOS = YES_AGGRESSIVE;
				GCC_WARN_UNUSED_FUNCTION = YES;
				GCC_WARN_UNUSED_VARIABLE = YES;
				IPHONEOS_DEPLOYMENT_TARGET = 10.1;
				MTL_ENABLE_DEBUG_INFO = YES;
				ONLY_ACTIVE_ARCH = YES;
				SDKROOT = iphoneos;
				SWIFT_ACTIVE_COMPILATION_CONDITIONS = DEBUG;
				SWIFT_OPTIMIZATION_LEVEL = "-Onone";
			};
			name = Debug;
		};
		8B2227C11DFB90E200C09475 /* Release */ = {
			isa = XCBuildConfiguration;
			buildSettings = {
				ALWAYS_SEARCH_USER_PATHS = NO;
				CLANG_ANALYZER_NONNULL = YES;
				CLANG_CXX_LANGUAGE_STANDARD = "gnu++0x";
				CLANG_CXX_LIBRARY = "libc++";
				CLANG_ENABLE_MODULES = YES;
				CLANG_ENABLE_OBJC_ARC = YES;
				CLANG_WARN_BOOL_CONVERSION = YES;
				CLANG_WARN_CONSTANT_CONVERSION = YES;
				CLANG_WARN_DIRECT_OBJC_ISA_USAGE = YES_ERROR;
				CLANG_WARN_DOCUMENTATION_COMMENTS = YES;
				CLANG_WARN_EMPTY_BODY = YES;
				CLANG_WARN_ENUM_CONVERSION = YES;
				CLANG_WARN_INFINITE_RECURSION = YES;
				CLANG_WARN_INT_CONVERSION = YES;
				CLANG_WARN_OBJC_ROOT_CLASS = YES_ERROR;
				CLANG_WARN_SUSPICIOUS_MOVES = YES;
				CLANG_WARN_UNREACHABLE_CODE = YES;
				CLANG_WARN__DUPLICATE_METHOD_MATCH = YES;
				"CODE_SIGN_IDENTITY[sdk=iphoneos*]" = "iPhone Developer";
				COPY_PHASE_STRIP = NO;
				DEBUG_INFORMATION_FORMAT = "dwarf-with-dsym";
				ENABLE_NS_ASSERTIONS = NO;
				ENABLE_STRICT_OBJC_MSGSEND = YES;
				GCC_C_LANGUAGE_STANDARD = gnu99;
				GCC_NO_COMMON_BLOCKS = YES;
				GCC_WARN_64_TO_32_BIT_CONVERSION = YES;
				GCC_WARN_ABOUT_RETURN_TYPE = YES_ERROR;
				GCC_WARN_UNDECLARED_SELECTOR = YES;
				GCC_WARN_UNINITIALIZED_AUTOS = YES_AGGRESSIVE;
				GCC_WARN_UNUSED_FUNCTION = YES;
				GCC_WARN_UNUSED_VARIABLE = YES;
				IPHONEOS_DEPLOYMENT_TARGET = 10.1;
				MTL_ENABLE_DEBUG_INFO = NO;
				SDKROOT = iphoneos;
				SWIFT_OPTIMIZATION_LEVEL = "-Owholemodule";
				VALIDATE_PRODUCT = YES;
			};
			name = Release;
		};
		8B2227C31DFB90E200C09475 /* Debug */ = {
			isa = XCBuildConfiguration;
			buildSettings = {
				ASSETCATALOG_COMPILER_COMPLICATION_NAME = Complication;
				DEVELOPMENT_TEAM = 54JDK55DR5;
				INFOPLIST_FILE = "WatchShaker WatchKit Extension/Info.plist";
				LD_RUNPATH_SEARCH_PATHS = "$(inherited) @executable_path/Frameworks @executable_path/../../Frameworks";
				PRODUCT_BUNDLE_IDENTIFIER = com.ezefranca.WatchShaker.watchkitapp.watchkitextension;
				PRODUCT_NAME = "${TARGET_NAME}";
				SDKROOT = watchos;
				SKIP_INSTALL = YES;
				SWIFT_VERSION = 3.0;
				TARGETED_DEVICE_FAMILY = 4;
				WATCHOS_DEPLOYMENT_TARGET = 3.1;
			};
			name = Debug;
		};
		8B2227C41DFB90E200C09475 /* Release */ = {
			isa = XCBuildConfiguration;
			buildSettings = {
				ASSETCATALOG_COMPILER_COMPLICATION_NAME = Complication;
				DEVELOPMENT_TEAM = 54JDK55DR5;
				INFOPLIST_FILE = "WatchShaker WatchKit Extension/Info.plist";
				LD_RUNPATH_SEARCH_PATHS = "$(inherited) @executable_path/Frameworks @executable_path/../../Frameworks";
				PRODUCT_BUNDLE_IDENTIFIER = com.ezefranca.WatchShaker.watchkitapp.watchkitextension;
				PRODUCT_NAME = "${TARGET_NAME}";
				SDKROOT = watchos;
				SKIP_INSTALL = YES;
				SWIFT_VERSION = 3.0;
				TARGETED_DEVICE_FAMILY = 4;
				WATCHOS_DEPLOYMENT_TARGET = 3.1;
			};
			name = Release;
		};
		8B2227C71DFB90E200C09475 /* Debug */ = {
			isa = XCBuildConfiguration;
			buildSettings = {
				ALWAYS_EMBED_SWIFT_STANDARD_LIBRARIES = YES;
				ASSETCATALOG_COMPILER_APPICON_NAME = AppIcon;
				DEVELOPMENT_TEAM = 54JDK55DR5;
				IBSC_MODULE = WatchShaker_WatchKit_Extension;
				INFOPLIST_FILE = "WatchShaker WatchKit App/Info.plist";
				PRODUCT_BUNDLE_IDENTIFIER = com.ezefranca.WatchShaker.watchkitapp;
				PRODUCT_NAME = "$(TARGET_NAME)";
				SDKROOT = watchos;
				SKIP_INSTALL = YES;
				SWIFT_VERSION = 3.0;
				TARGETED_DEVICE_FAMILY = 4;
				WATCHOS_DEPLOYMENT_TARGET = 3.1;
			};
			name = Debug;
		};
		8B2227C81DFB90E200C09475 /* Release */ = {
			isa = XCBuildConfiguration;
			buildSettings = {
				ALWAYS_EMBED_SWIFT_STANDARD_LIBRARIES = YES;
				ASSETCATALOG_COMPILER_APPICON_NAME = AppIcon;
				DEVELOPMENT_TEAM = 54JDK55DR5;
				IBSC_MODULE = WatchShaker_WatchKit_Extension;
				INFOPLIST_FILE = "WatchShaker WatchKit App/Info.plist";
				PRODUCT_BUNDLE_IDENTIFIER = com.ezefranca.WatchShaker.watchkitapp;
				PRODUCT_NAME = "$(TARGET_NAME)";
				SDKROOT = watchos;
				SKIP_INSTALL = YES;
				SWIFT_VERSION = 3.0;
				TARGETED_DEVICE_FAMILY = 4;
				WATCHOS_DEPLOYMENT_TARGET = 3.1;
			};
			name = Release;
		};
		8B2227CB1DFB90E200C09475 /* Debug */ = {
			isa = XCBuildConfiguration;
			buildSettings = {
				ASSETCATALOG_COMPILER_APPICON_NAME = AppIcon;
				DEVELOPMENT_TEAM = 54JDK55DR5;
				INFOPLIST_FILE = WatchShaker/Info.plist;
				LD_RUNPATH_SEARCH_PATHS = "$(inherited) @executable_path/Frameworks";
				PRODUCT_BUNDLE_IDENTIFIER = com.ezefranca.WatchShaker;
				PRODUCT_NAME = "$(TARGET_NAME)";
				SWIFT_VERSION = 3.0;
			};
			name = Debug;
		};
		8B2227CC1DFB90E200C09475 /* Release */ = {
			isa = XCBuildConfiguration;
			buildSettings = {
				ASSETCATALOG_COMPILER_APPICON_NAME = AppIcon;
				DEVELOPMENT_TEAM = 54JDK55DR5;
				INFOPLIST_FILE = WatchShaker/Info.plist;
				LD_RUNPATH_SEARCH_PATHS = "$(inherited) @executable_path/Frameworks";
				PRODUCT_BUNDLE_IDENTIFIER = com.ezefranca.WatchShaker;
				PRODUCT_NAME = "$(TARGET_NAME)";
				SWIFT_VERSION = 3.0;
			};
			name = Release;
		};
		8B2227CE1DFB90E200C09475 /* Debug */ = {
			isa = XCBuildConfiguration;
			buildSettings = {
				ALWAYS_EMBED_SWIFT_STANDARD_LIBRARIES = YES;
				BUNDLE_LOADER = "$(TEST_HOST)";
				DEVELOPMENT_TEAM = 54JDK55DR5;
				INFOPLIST_FILE = WatchShakerTests/Info.plist;
				LD_RUNPATH_SEARCH_PATHS = "$(inherited) @executable_path/Frameworks @loader_path/Frameworks";
				PRODUCT_BUNDLE_IDENTIFIER = com.ezefranca.WatchShakerTests;
				PRODUCT_NAME = "$(TARGET_NAME)";
				SWIFT_VERSION = 3.0;
				TEST_HOST = "$(BUILT_PRODUCTS_DIR)/WatchShaker.app/WatchShaker";
			};
			name = Debug;
		};
		8B2227CF1DFB90E200C09475 /* Release */ = {
			isa = XCBuildConfiguration;
			buildSettings = {
				ALWAYS_EMBED_SWIFT_STANDARD_LIBRARIES = YES;
				BUNDLE_LOADER = "$(TEST_HOST)";
				DEVELOPMENT_TEAM = 54JDK55DR5;
				INFOPLIST_FILE = WatchShakerTests/Info.plist;
				LD_RUNPATH_SEARCH_PATHS = "$(inherited) @executable_path/Frameworks @loader_path/Frameworks";
				PRODUCT_BUNDLE_IDENTIFIER = com.ezefranca.WatchShakerTests;
				PRODUCT_NAME = "$(TARGET_NAME)";
				SWIFT_VERSION = 3.0;
				TEST_HOST = "$(BUILT_PRODUCTS_DIR)/WatchShaker.app/WatchShaker";
			};
			name = Release;
		};
/* End XCBuildConfiguration section */

/* Begin XCConfigurationList section */
		8B22277F1DFB90E100C09475 /* Build configuration list for PBXProject "WatchShaker" */ = {
			isa = XCConfigurationList;
			buildConfigurations = (
				8B2227C01DFB90E200C09475 /* Debug */,
				8B2227C11DFB90E200C09475 /* Release */,
			);
			defaultConfigurationIsVisible = 0;
			defaultConfigurationName = Release;
		};
		8B2227C21DFB90E200C09475 /* Build configuration list for PBXNativeTarget "WatchShaker WatchKit Extension" */ = {
			isa = XCConfigurationList;
			buildConfigurations = (
				8B2227C31DFB90E200C09475 /* Debug */,
				8B2227C41DFB90E200C09475 /* Release */,
			);
			defaultConfigurationIsVisible = 0;
		};
		8B2227C61DFB90E200C09475 /* Build configuration list for PBXNativeTarget "WatchShaker WatchKit App" */ = {
			isa = XCConfigurationList;
			buildConfigurations = (
				8B2227C71DFB90E200C09475 /* Debug */,
				8B2227C81DFB90E200C09475 /* Release */,
			);
			defaultConfigurationIsVisible = 0;
		};
		8B2227CA1DFB90E200C09475 /* Build configuration list for PBXNativeTarget "WatchShaker" */ = {
			isa = XCConfigurationList;
			buildConfigurations = (
				8B2227CB1DFB90E200C09475 /* Debug */,
				8B2227CC1DFB90E200C09475 /* Release */,
			);
			defaultConfigurationIsVisible = 0;
		};
		8B2227CD1DFB90E200C09475 /* Build configuration list for PBXNativeTarget "WatchShakerTests" */ = {
			isa = XCConfigurationList;
			buildConfigurations = (
				8B2227CE1DFB90E200C09475 /* Debug */,
				8B2227CF1DFB90E200C09475 /* Release */,
			);
			defaultConfigurationIsVisible = 0;
		};
/* End XCConfigurationList section */
	};
	rootObject = 8B22277C1DFB90E100C09475 /* Project object */;
}
