// !$*UTF8*$!
{
	archiveVersion = 1;
	classes = {
	};
	objectVersion = 50;
	objects = {

/* Begin PBXBuildFile section */
		F7FE9B8A24858860003FF74D /* Shake WatchKit App.app in Embed Watch Content */ = {isa = PBXBuildFile; fileRef = F7FE9B8924858860003FF74D /* Shake WatchKit App.app */; settings = {ATTRIBUTES = (RemoveHeadersOnCopy, ); }; };
		F7FE9B9024858860003FF74D /* Interface.storyboard in Resources */ = {isa = PBXBuildFile; fileRef = F7FE9B8E24858860003FF74D /* Interface.storyboard */; };
		F7FE9B9224858862003FF74D /* Assets.xcassets in Resources */ = {isa = PBXBuildFile; fileRef = F7FE9B9124858862003FF74D /* Assets.xcassets */; };
		F7FE9B9924858862003FF74D /* Shake WatchKit Extension.appex in Embed App Extensions */ = {isa = PBXBuildFile; fileRef = F7FE9B9824858862003FF74D /* Shake WatchKit Extension.appex */; settings = {ATTRIBUTES = (RemoveHeadersOnCopy, ); }; };
		F7FE9B9E24858862003FF74D /* InterfaceController.swift in Sources */ = {isa = PBXBuildFile; fileRef = F7FE9B9D24858862003FF74D /* InterfaceController.swift */; };
		F7FE9BA024858863003FF74D /* ExtensionDelegate.swift in Sources */ = {isa = PBXBuildFile; fileRef = F7FE9B9F24858863003FF74D /* ExtensionDelegate.swift */; };
		F7FE9BA224858863003FF74D /* Assets.xcassets in Resources */ = {isa = PBXBuildFile; fileRef = F7FE9BA124858863003FF74D /* Assets.xcassets */; };
/* End PBXBuildFile section */

/* Begin PBXContainerItemProxy section */
		F7FE9B8B24858860003FF74D /* PBXContainerItemProxy */ = {
			isa = PBXContainerItemProxy;
			containerPortal = F7FE9B7F24858860003FF74D /* Project object */;
			proxyType = 1;
			remoteGlobalIDString = F7FE9B8824858860003FF74D;
			remoteInfo = "Shake WatchKit App";
		};
		F7FE9B9A24858862003FF74D /* PBXContainerItemProxy */ = {
			isa = PBXContainerItemProxy;
			containerPortal = F7FE9B7F24858860003FF74D /* Project object */;
			proxyType = 1;
			remoteGlobalIDString = F7FE9B9724858862003FF74D;
			remoteInfo = "Shake WatchKit Extension";
		};
/* End PBXContainerItemProxy section */

/* Begin PBXCopyFilesBuildPhase section */
		F7FE9BA924858863003FF74D /* Embed App Extensions */ = {
			isa = PBXCopyFilesBuildPhase;
			buildActionMask = 2147483647;
			dstPath = "";
			dstSubfolderSpec = 13;
			files = (
				F7FE9B9924858862003FF74D /* Shake WatchKit Extension.appex in Embed App Extensions */,
			);
			name = "Embed App Extensions";
			runOnlyForDeploymentPostprocessing = 0;
		};
		F7FE9BAD24858863003FF74D /* Embed Watch Content */ = {
			isa = PBXCopyFilesBuildPhase;
			buildActionMask = 2147483647;
			dstPath = "$(CONTENTS_FOLDER_PATH)/Watch";
			dstSubfolderSpec = 16;
			files = (
				F7FE9B8A24858860003FF74D /* Shake WatchKit App.app in Embed Watch Content */,
			);
			name = "Embed Watch Content";
			runOnlyForDeploymentPostprocessing = 0;
		};
/* End PBXCopyFilesBuildPhase section */

/* Begin PBXFileReference section */
		F7FE9B8524858860003FF74D /* Shake.app */ = {isa = PBXFileReference; explicitFileType = wrapper.application; includeInIndex = 0; path = Shake.app; sourceTree = BUILT_PRODUCTS_DIR; };
		F7FE9B8924858860003FF74D /* Shake WatchKit App.app */ = {isa = PBXFileReference; explicitFileType = wrapper.application; includeInIndex = 0; path = "Shake WatchKit App.app"; sourceTree = BUILT_PRODUCTS_DIR; };
		F7FE9B8F24858860003FF74D /* Base */ = {isa = PBXFileReference; lastKnownFileType = file.storyboard; name = Base; path = Base.lproj/Interface.storyboard; sourceTree = "<group>"; };
		F7FE9B9124858862003FF74D /* Assets.xcassets */ = {isa = PBXFileReference; lastKnownFileType = folder.assetcatalog; path = Assets.xcassets; sourceTree = "<group>"; };
		F7FE9B9324858862003FF74D /* Info.plist */ = {isa = PBXFileReference; lastKnownFileType = text.plist.xml; path = Info.plist; sourceTree = "<group>"; };
		F7FE9B9824858862003FF74D /* Shake WatchKit Extension.appex */ = {isa = PBXFileReference; explicitFileType = "wrapper.app-extension"; includeInIndex = 0; path = "Shake WatchKit Extension.appex"; sourceTree = BUILT_PRODUCTS_DIR; };
		F7FE9B9D24858862003FF74D /* InterfaceController.swift */ = {isa = PBXFileReference; lastKnownFileType = sourcecode.swift; path = InterfaceController.swift; sourceTree = "<group>"; };
		F7FE9B9F24858863003FF74D /* ExtensionDelegate.swift */ = {isa = PBXFileReference; lastKnownFileType = sourcecode.swift; path = ExtensionDelegate.swift; sourceTree = "<group>"; };
		F7FE9BA124858863003FF74D /* Assets.xcassets */ = {isa = PBXFileReference; lastKnownFileType = folder.assetcatalog; path = Assets.xcassets; sourceTree = "<group>"; };
		F7FE9BA324858863003FF74D /* Info.plist */ = {isa = PBXFileReference; lastKnownFileType = text.plist.xml; path = Info.plist; sourceTree = "<group>"; };
/* End PBXFileReference section */

/* Begin PBXFrameworksBuildPhase section */
		F7FE9B9524858862003FF74D /* Frameworks */ = {
			isa = PBXFrameworksBuildPhase;
			buildActionMask = 2147483647;
			files = (
			);
			runOnlyForDeploymentPostprocessing = 0;
		};
/* End PBXFrameworksBuildPhase section */

/* Begin PBXGroup section */
		F7FE9B7E24858860003FF74D = {
			isa = PBXGroup;
			children = (
				F7FE9B8D24858860003FF74D /* Shake WatchKit App */,
				F7FE9B9C24858862003FF74D /* Shake WatchKit Extension */,
				F7FE9B8624858860003FF74D /* Products */,
			);
			sourceTree = "<group>";
		};
		F7FE9B8624858860003FF74D /* Products */ = {
			isa = PBXGroup;
			children = (
				F7FE9B8524858860003FF74D /* Shake.app */,
				F7FE9B8924858860003FF74D /* Shake WatchKit App.app */,
				F7FE9B9824858862003FF74D /* Shake WatchKit Extension.appex */,
			);
			name = Products;
			sourceTree = "<group>";
		};
		F7FE9B8D24858860003FF74D /* Shake WatchKit App */ = {
			isa = PBXGroup;
			children = (
				F7FE9B8E24858860003FF74D /* Interface.storyboard */,
				F7FE9B9124858862003FF74D /* Assets.xcassets */,
				F7FE9B9324858862003FF74D /* Info.plist */,
			);
			path = "Shake WatchKit App";
			sourceTree = "<group>";
		};
		F7FE9B9C24858862003FF74D /* Shake WatchKit Extension */ = {
			isa = PBXGroup;
			children = (
				F7FE9B9D24858862003FF74D /* InterfaceController.swift */,
				F7FE9B9F24858863003FF74D /* ExtensionDelegate.swift */,
				F7FE9BA124858863003FF74D /* Assets.xcassets */,
				F7FE9BA324858863003FF74D /* Info.plist */,
			);
			path = "Shake WatchKit Extension";
			sourceTree = "<group>";
		};
/* End PBXGroup section */

/* Begin PBXNativeTarget section */
		F7FE9B8424858860003FF74D /* Shake */ = {
			isa = PBXNativeTarget;
			buildConfigurationList = F7FE9BAE24858863003FF74D /* Build configuration list for PBXNativeTarget "Shake" */;
			buildPhases = (
				F7FE9B8324858860003FF74D /* Resources */,
				F7FE9BAD24858863003FF74D /* Embed Watch Content */,
			);
			buildRules = (
			);
			dependencies = (
				F7FE9B8C24858860003FF74D /* PBXTargetDependency */,
			);
			name = Shake;
			productName = Shake;
			productReference = F7FE9B8524858860003FF74D /* Shake.app */;
			productType = "com.apple.product-type.application.watchapp2-container";
		};
		F7FE9B8824858860003FF74D /* Shake WatchKit App */ = {
			isa = PBXNativeTarget;
			buildConfigurationList = F7FE9BAA24858863003FF74D /* Build configuration list for PBXNativeTarget "Shake WatchKit App" */;
			buildPhases = (
				F7FE9B8724858860003FF74D /* Resources */,
				F7FE9BA924858863003FF74D /* Embed App Extensions */,
			);
			buildRules = (
			);
			dependencies = (
				F7FE9B9B24858862003FF74D /* PBXTargetDependency */,
			);
			name = "Shake WatchKit App";
			productName = "Shake WatchKit App";
			productReference = F7FE9B8924858860003FF74D /* Shake WatchKit App.app */;
			productType = "com.apple.product-type.application.watchapp2";
		};
		F7FE9B9724858862003FF74D /* Shake WatchKit Extension */ = {
			isa = PBXNativeTarget;
			buildConfigurationList = F7FE9BA624858863003FF74D /* Build configuration list for PBXNativeTarget "Shake WatchKit Extension" */;
			buildPhases = (
				F7FE9B9424858862003FF74D /* Sources */,
				F7FE9B9524858862003FF74D /* Frameworks */,
				F7FE9B9624858862003FF74D /* Resources */,
			);
			buildRules = (
			);
			dependencies = (
			);
			name = "Shake WatchKit Extension";
			productName = "Shake WatchKit Extension";
			productReference = F7FE9B9824858862003FF74D /* Shake WatchKit Extension.appex */;
			productType = "com.apple.product-type.watchkit2-extension";
		};
/* End PBXNativeTarget section */

/* Begin PBXProject section */
		F7FE9B7F24858860003FF74D /* Project object */ = {
			isa = PBXProject;
			attributes = {
				LastSwiftUpdateCheck = 1150;
				LastUpgradeCheck = 1150;
				ORGANIZATIONNAME = "Ezequiel França";
				TargetAttributes = {
					F7FE9B8424858860003FF74D = {
						CreatedOnToolsVersion = 11.5;
					};
					F7FE9B8824858860003FF74D = {
						CreatedOnToolsVersion = 11.5;
					};
					F7FE9B9724858862003FF74D = {
						CreatedOnToolsVersion = 11.5;
					};
				};
			};
			buildConfigurationList = F7FE9B8224858860003FF74D /* Build configuration list for PBXProject "Shake" */;
			compatibilityVersion = "Xcode 9.3";
			developmentRegion = en;
			hasScannedForEncodings = 0;
			knownRegions = (
				en,
				Base,
			);
			mainGroup = F7FE9B7E24858860003FF74D;
			productRefGroup = F7FE9B8624858860003FF74D /* Products */;
			projectDirPath = "";
			projectRoot = "";
			targets = (
				F7FE9B8424858860003FF74D /* Shake */,
				F7FE9B8824858860003FF74D /* Shake WatchKit App */,
				F7FE9B9724858862003FF74D /* Shake WatchKit Extension */,
			);
		};
/* End PBXProject section */

/* Begin PBXResourcesBuildPhase section */
		F7FE9B8324858860003FF74D /* Resources */ = {
			isa = PBXResourcesBuildPhase;
			buildActionMask = 2147483647;
			files = (
			);
			runOnlyForDeploymentPostprocessing = 0;
		};
		F7FE9B8724858860003FF74D /* Resources */ = {
			isa = PBXResourcesBuildPhase;
			buildActionMask = 2147483647;
			files = (
				F7FE9B9224858862003FF74D /* Assets.xcassets in Resources */,
				F7FE9B9024858860003FF74D /* Interface.storyboard in Resources */,
			);
			runOnlyForDeploymentPostprocessing = 0;
		};
		F7FE9B9624858862003FF74D /* Resources */ = {
			isa = PBXResourcesBuildPhase;
			buildActionMask = 2147483647;
			files = (
				F7FE9BA224858863003FF74D /* Assets.xcassets in Resources */,
			);
			runOnlyForDeploymentPostprocessing = 0;
		};
/* End PBXResourcesBuildPhase section */

/* Begin PBXSourcesBuildPhase section */
		F7FE9B9424858862003FF74D /* Sources */ = {
			isa = PBXSourcesBuildPhase;
			buildActionMask = 2147483647;
			files = (
				F7FE9BA024858863003FF74D /* ExtensionDelegate.swift in Sources */,
				F7FE9B9E24858862003FF74D /* InterfaceController.swift in Sources */,
			);
			runOnlyForDeploymentPostprocessing = 0;
		};
/* End PBXSourcesBuildPhase section */

/* Begin PBXTargetDependency section */
		F7FE9B8C24858860003FF74D /* PBXTargetDependency */ = {
			isa = PBXTargetDependency;
			target = F7FE9B8824858860003FF74D /* Shake WatchKit App */;
			targetProxy = F7FE9B8B24858860003FF74D /* PBXContainerItemProxy */;
		};
		F7FE9B9B24858862003FF74D /* PBXTargetDependency */ = {
			isa = PBXTargetDependency;
			target = F7FE9B9724858862003FF74D /* Shake WatchKit Extension */;
			targetProxy = F7FE9B9A24858862003FF74D /* PBXContainerItemProxy */;
		};
/* End PBXTargetDependency section */

/* Begin PBXVariantGroup section */
		F7FE9B8E24858860003FF74D /* Interface.storyboard */ = {
			isa = PBXVariantGroup;
			children = (
				F7FE9B8F24858860003FF74D /* Base */,
			);
			name = Interface.storyboard;
			sourceTree = "<group>";
		};
/* End PBXVariantGroup section */

/* Begin XCBuildConfiguration section */
		F7FE9BA424858863003FF74D /* Debug */ = {
			isa = XCBuildConfiguration;
			buildSettings = {
				ALWAYS_SEARCH_USER_PATHS = NO;
				CLANG_ANALYZER_NONNULL = YES;
				CLANG_ANALYZER_NUMBER_OBJECT_CONVERSION = YES_AGGRESSIVE;
				CLANG_CXX_LANGUAGE_STANDARD = "gnu++14";
				CLANG_CXX_LIBRARY = "libc++";
				CLANG_ENABLE_MODULES = YES;
				CLANG_ENABLE_OBJC_ARC = YES;
				CLANG_ENABLE_OBJC_WEAK = YES;
				CLANG_WARN_BLOCK_CAPTURE_AUTORELEASING = YES;
				CLANG_WARN_BOOL_CONVERSION = YES;
				CLANG_WARN_COMMA = YES;
				CLANG_WARN_CONSTANT_CONVERSION = YES;
				CLANG_WARN_DEPRECATED_OBJC_IMPLEMENTATIONS = YES;
				CLANG_WARN_DIRECT_OBJC_ISA_USAGE = YES_ERROR;
				CLANG_WARN_DOCUMENTATION_COMMENTS = YES;
				CLANG_WARN_EMPTY_BODY = YES;
				CLANG_WARN_ENUM_CONVERSION = YES;
				CLANG_WARN_INFINITE_RECURSION = YES;
				CLANG_WARN_INT_CONVERSION = YES;
				CLANG_WARN_NON_LITERAL_NULL_CONVERSION = YES;
				CLANG_WARN_OBJC_IMPLICIT_RETAIN_SELF = YES;
				CLANG_WARN_OBJC_LITERAL_CONVERSION = YES;
				CLANG_WARN_OBJC_ROOT_CLASS = YES_ERROR;
				CLANG_WARN_RANGE_LOOP_ANALYSIS = YES;
				CLANG_WARN_STRICT_PROTOTYPES = YES;
				CLANG_WARN_SUSPICIOUS_MOVE = YES;
				CLANG_WARN_UNGUARDED_AVAILABILITY = YES_AGGRESSIVE;
				CLANG_WARN_UNREACHABLE_CODE = YES;
				CLANG_WARN__DUPLICATE_METHOD_MATCH = YES;
				COPY_PHASE_STRIP = NO;
				DEBUG_INFORMATION_FORMAT = dwarf;
				ENABLE_STRICT_OBJC_MSGSEND = YES;
				ENABLE_TESTABILITY = YES;
				GCC_C_LANGUAGE_STANDARD = gnu11;
				GCC_DYNAMIC_NO_PIC = NO;
				GCC_NO_COMMON_BLOCKS = YES;
				GCC_OPTIMIZATION_LEVEL = 0;
				GCC_PREPROCESSOR_DEFINITIONS = (
					"DEBUG=1",
					"$(inherited)",
				);
				GCC_WARN_64_TO_32_BIT_CONVERSION = YES;
				GCC_WARN_ABOUT_RETURN_TYPE = YES_ERROR;
				GCC_WARN_UNDECLARED_SELECTOR = YES;
				GCC_WARN_UNINITIALIZED_AUTOS = YES_AGGRESSIVE;
				GCC_WARN_UNUSED_FUNCTION = YES;
				GCC_WARN_UNUSED_VARIABLE = YES;
				MTL_ENABLE_DEBUG_INFO = INCLUDE_SOURCE;
				MTL_FAST_MATH = YES;
				ONLY_ACTIVE_ARCH = YES;
				SDKROOT = iphoneos;
				SWIFT_ACTIVE_COMPILATION_CONDITIONS = DEBUG;
				SWIFT_OPTIMIZATION_LEVEL = "-Onone";
			};
			name = Debug;
		};
		F7FE9BA524858863003FF74D /* Release */ = {
			isa = XCBuildConfiguration;
			buildSettings = {
				ALWAYS_SEARCH_USER_PATHS = NO;
				CLANG_ANALYZER_NONNULL = YES;
				CLANG_ANALYZER_NUMBER_OBJECT_CONVERSION = YES_AGGRESSIVE;
				CLANG_CXX_LANGUAGE_STANDARD = "gnu++14";
				CLANG_CXX_LIBRARY = "libc++";
				CLANG_ENABLE_MODULES = YES;
				CLANG_ENABLE_OBJC_ARC = YES;
				CLANG_ENABLE_OBJC_WEAK = YES;
				CLANG_WARN_BLOCK_CAPTURE_AUTORELEASING = YES;
				CLANG_WARN_BOOL_CONVERSION = YES;
				CLANG_WARN_COMMA = YES;
				CLANG_WARN_CONSTANT_CONVERSION = YES;
				CLANG_WARN_DEPRECATED_OBJC_IMPLEMENTATIONS = YES;
				CLANG_WARN_DIRECT_OBJC_ISA_USAGE = YES_ERROR;
				CLANG_WARN_DOCUMENTATION_COMMENTS = YES;
				CLANG_WARN_EMPTY_BODY = YES;
				CLANG_WARN_ENUM_CONVERSION = YES;
				CLANG_WARN_INFINITE_RECURSION = YES;
				CLANG_WARN_INT_CONVERSION = YES;
				CLANG_WARN_NON_LITERAL_NULL_CONVERSION = YES;
				CLANG_WARN_OBJC_IMPLICIT_RETAIN_SELF = YES;
				CLANG_WARN_OBJC_LITERAL_CONVERSION = YES;
				CLANG_WARN_OBJC_ROOT_CLASS = YES_ERROR;
				CLANG_WARN_RANGE_LOOP_ANALYSIS = YES;
				CLANG_WARN_STRICT_PROTOTYPES = YES;
				CLANG_WARN_SUSPICIOUS_MOVE = YES;
				CLANG_WARN_UNGUARDED_AVAILABILITY = YES_AGGRESSIVE;
				CLANG_WARN_UNREACHABLE_CODE = YES;
				CLANG_WARN__DUPLICATE_METHOD_MATCH = YES;
				COPY_PHASE_STRIP = NO;
				DEBUG_INFORMATION_FORMAT = "dwarf-with-dsym";
				ENABLE_NS_ASSERTIONS = NO;
				ENABLE_STRICT_OBJC_MSGSEND = YES;
				GCC_C_LANGUAGE_STANDARD = gnu11;
				GCC_NO_COMMON_BLOCKS = YES;
				GCC_WARN_64_TO_32_BIT_CONVERSION = YES;
				GCC_WARN_ABOUT_RETURN_TYPE = YES_ERROR;
				GCC_WARN_UNDECLARED_SELECTOR = YES;
				GCC_WARN_UNINITIALIZED_AUTOS = YES_AGGRESSIVE;
				GCC_WARN_UNUSED_FUNCTION = YES;
				GCC_WARN_UNUSED_VARIABLE = YES;
				MTL_ENABLE_DEBUG_INFO = NO;
				MTL_FAST_MATH = YES;
				SDKROOT = iphoneos;
				SWIFT_COMPILATION_MODE = wholemodule;
				SWIFT_OPTIMIZATION_LEVEL = "-O";
				VALIDATE_PRODUCT = YES;
			};
			name = Release;
		};
		F7FE9BA724858863003FF74D /* Debug */ = {
			isa = XCBuildConfiguration;
			buildSettings = {
				ASSETCATALOG_COMPILER_COMPLICATION_NAME = Complication;
				CODE_SIGN_STYLE = Automatic;
				DEVELOPMENT_TEAM = 54JDK55DR5;
				INFOPLIST_FILE = "Shake WatchKit Extension/Info.plist";
				LD_RUNPATH_SEARCH_PATHS = (
					"$(inherited)",
					"@executable_path/Frameworks",
					"@executable_path/../../Frameworks",
				);
				PRODUCT_BUNDLE_IDENTIFIER = app.ezequiel.Shake.watchkitapp.watchkitextension;
				PRODUCT_NAME = "${TARGET_NAME}";
				SDKROOT = watchos;
				SKIP_INSTALL = YES;
				SWIFT_VERSION = 5.0;
				TARGETED_DEVICE_FAMILY = 4;
				WATCHOS_DEPLOYMENT_TARGET = 6.2;
			};
			name = Debug;
		};
		F7FE9BA824858863003FF74D /* Release */ = {
			isa = XCBuildConfiguration;
			buildSettings = {
				ASSETCATALOG_COMPILER_COMPLICATION_NAME = Complication;
				CODE_SIGN_STYLE = Automatic;
				DEVELOPMENT_TEAM = 54JDK55DR5;
				INFOPLIST_FILE = "Shake WatchKit Extension/Info.plist";
				LD_RUNPATH_SEARCH_PATHS = (
					"$(inherited)",
					"@executable_path/Frameworks",
					"@executable_path/../../Frameworks",
				);
				PRODUCT_BUNDLE_IDENTIFIER = app.ezequiel.Shake.watchkitapp.watchkitextension;
				PRODUCT_NAME = "${TARGET_NAME}";
				SDKROOT = watchos;
				SKIP_INSTALL = YES;
				SWIFT_VERSION = 5.0;
				TARGETED_DEVICE_FAMILY = 4;
				WATCHOS_DEPLOYMENT_TARGET = 6.2;
			};
			name = Release;
		};
		F7FE9BAB24858863003FF74D /* Debug */ = {
			isa = XCBuildConfiguration;
			buildSettings = {
				ALWAYS_EMBED_SWIFT_STANDARD_LIBRARIES = YES;
				ASSETCATALOG_COMPILER_APPICON_NAME = AppIcon;
				CODE_SIGN_STYLE = Automatic;
				DEVELOPMENT_TEAM = 54JDK55DR5;
				IBSC_MODULE = Shake_WatchKit_Extension;
				INFOPLIST_FILE = "Shake WatchKit App/Info.plist";
				PRODUCT_BUNDLE_IDENTIFIER = app.ezequiel.Shake.watchkitapp;
				PRODUCT_NAME = "$(TARGET_NAME)";
				SDKROOT = watchos;
				SKIP_INSTALL = YES;
				SWIFT_VERSION = 5.0;
				TARGETED_DEVICE_FAMILY = 4;
				WATCHOS_DEPLOYMENT_TARGET = 6.2;
			};
			name = Debug;
		};
		F7FE9BAC24858863003FF74D /* Release */ = {
			isa = XCBuildConfiguration;
			buildSettings = {
				ALWAYS_EMBED_SWIFT_STANDARD_LIBRARIES = YES;
				ASSETCATALOG_COMPILER_APPICON_NAME = AppIcon;
				CODE_SIGN_STYLE = Automatic;
				DEVELOPMENT_TEAM = 54JDK55DR5;
				IBSC_MODULE = Shake_WatchKit_Extension;
				INFOPLIST_FILE = "Shake WatchKit App/Info.plist";
				PRODUCT_BUNDLE_IDENTIFIER = app.ezequiel.Shake.watchkitapp;
				PRODUCT_NAME = "$(TARGET_NAME)";
				SDKROOT = watchos;
				SKIP_INSTALL = YES;
				SWIFT_VERSION = 5.0;
				TARGETED_DEVICE_FAMILY = 4;
				WATCHOS_DEPLOYMENT_TARGET = 6.2;
			};
			name = Release;
		};
		F7FE9BAF24858863003FF74D /* Debug */ = {
			isa = XCBuildConfiguration;
			buildSettings = {
				CODE_SIGN_STYLE = Automatic;
				CURRENT_PROJECT_VERSION = 1;
				DEVELOPMENT_TEAM = 54JDK55DR5;
				MARKETING_VERSION = 1.0;
				PRODUCT_BUNDLE_IDENTIFIER = app.ezequiel.Shake;
				PRODUCT_NAME = "$(TARGET_NAME)";
				SWIFT_VERSION = 5.0;
			};
			name = Debug;
		};
		F7FE9BB024858863003FF74D /* Release */ = {
			isa = XCBuildConfiguration;
			buildSettings = {
				CODE_SIGN_STYLE = Automatic;
				CURRENT_PROJECT_VERSION = 1;
				DEVELOPMENT_TEAM = 54JDK55DR5;
				MARKETING_VERSION = 1.0;
				PRODUCT_BUNDLE_IDENTIFIER = app.ezequiel.Shake;
				PRODUCT_NAME = "$(TARGET_NAME)";
				SWIFT_VERSION = 5.0;
			};
			name = Release;
		};
/* End XCBuildConfiguration section */

/* Begin XCConfigurationList section */
		F7FE9B8224858860003FF74D /* Build configuration list for PBXProject "Shake" */ = {
			isa = XCConfigurationList;
			buildConfigurations = (
				F7FE9BA424858863003FF74D /* Debug */,
				F7FE9BA524858863003FF74D /* Release */,
			);
			defaultConfigurationIsVisible = 0;
			defaultConfigurationName = Release;
		};
		F7FE9BA624858863003FF74D /* Build configuration list for PBXNativeTarget "Shake WatchKit Extension" */ = {
			isa = XCConfigurationList;
			buildConfigurations = (
				F7FE9BA724858863003FF74D /* Debug */,
				F7FE9BA824858863003FF74D /* Release */,
			);
			defaultConfigurationIsVisible = 0;
			defaultConfigurationName = Release;
		};
		F7FE9BAA24858863003FF74D /* Build configuration list for PBXNativeTarget "Shake WatchKit App" */ = {
			isa = XCConfigurationList;
			buildConfigurations = (
				F7FE9BAB24858863003FF74D /* Debug */,
				F7FE9BAC24858863003FF74D /* Release */,
			);
			defaultConfigurationIsVisible = 0;
			defaultConfigurationName = Release;
		};
		F7FE9BAE24858863003FF74D /* Build configuration list for PBXNativeTarget "Shake" */ = {
			isa = XCConfigurationList;
			buildConfigurations = (
				F7FE9BAF24858863003FF74D /* Debug */,
				F7FE9BB024858863003FF74D /* Release */,
			);
			defaultConfigurationIsVisible = 0;
			defaultConfigurationName = Release;
		};
/* End XCConfigurationList section */
	};
	rootObject = F7FE9B7F24858860003FF74D /* Project object */;
}
